// !$*UTF8*$!
{
	archiveVersion = 1;
	classes = {
	};
	objectVersion = 51;
	objects = {

/* Begin PBXBuildFile section */
		2B1E002DE20DE933E0B9C9D8 /* Pods_Parstagram.framework in Frameworks */ = {isa = PBXBuildFile; fileRef = 3A3CB7439BBB53D3AFF926A2 /* Pods_Parstagram.framework */; };
		7FD7AF317095D493C9BB3BCC /* Pods_ParstagramTests.framework in Frameworks */ = {isa = PBXBuildFile; fileRef = A54306A8BB4E7EDDBB97FDCD /* Pods_ParstagramTests.framework */; };
		9129C2EA0C8F36AE634F3753 /* Pods_Parstagram_ParstagramUITests.framework in Frameworks */ = {isa = PBXBuildFile; fileRef = 7B842575D656D489505E5732 /* Pods_Parstagram_ParstagramUITests.framework */; };
		DC230B0B26052AF4000084E9 /* AppDelegate.swift in Sources */ = {isa = PBXBuildFile; fileRef = DC230B0A26052AF4000084E9 /* AppDelegate.swift */; };
		DC230B0D26052AF4000084E9 /* SceneDelegate.swift in Sources */ = {isa = PBXBuildFile; fileRef = DC230B0C26052AF4000084E9 /* SceneDelegate.swift */; };
		DC230B1226052AF4000084E9 /* Main.storyboard in Resources */ = {isa = PBXBuildFile; fileRef = DC230B1026052AF4000084E9 /* Main.storyboard */; };
		DC230B1426052AF5000084E9 /* Assets.xcassets in Resources */ = {isa = PBXBuildFile; fileRef = DC230B1326052AF5000084E9 /* Assets.xcassets */; };
		DC230B1726052AF5000084E9 /* LaunchScreen.storyboard in Resources */ = {isa = PBXBuildFile; fileRef = DC230B1526052AF5000084E9 /* LaunchScreen.storyboard */; };
		DC230B2226052AF5000084E9 /* ParstagramTests.swift in Sources */ = {isa = PBXBuildFile; fileRef = DC230B2126052AF5000084E9 /* ParstagramTests.swift */; };
		DC230B2D26052AF5000084E9 /* ParstagramUITests.swift in Sources */ = {isa = PBXBuildFile; fileRef = DC230B2C26052AF5000084E9 /* ParstagramUITests.swift */; };
		DC230B4A26053363000084E9 /* FeedViewController.swift in Sources */ = {isa = PBXBuildFile; fileRef = DC230B4926053363000084E9 /* FeedViewController.swift */; };
		DC230B4F2605336B000084E9 /* LoginViewController.swift in Sources */ = {isa = PBXBuildFile; fileRef = DC230B4E2605336B000084E9 /* LoginViewController.swift */; };
		DC2C3BB92605A1BA0070EBF0 /* CameraViewController.swift in Sources */ = {isa = PBXBuildFile; fileRef = DC2C3BB82605A1BA0070EBF0 /* CameraViewController.swift */; };
		DC2C3BC92605C78F0070EBF0 /* PostCell.swift in Sources */ = {isa = PBXBuildFile; fileRef = DC2C3BC82605C78F0070EBF0 /* PostCell.swift */; };
/* End PBXBuildFile section */

/* Begin PBXContainerItemProxy section */
		DC230B1E26052AF5000084E9 /* PBXContainerItemProxy */ = {
			isa = PBXContainerItemProxy;
			containerPortal = DC230AFF26052AF4000084E9 /* Project object */;
			proxyType = 1;
			remoteGlobalIDString = DC230B0626052AF4000084E9;
			remoteInfo = Parstagram;
		};
		DC230B2926052AF5000084E9 /* PBXContainerItemProxy */ = {
			isa = PBXContainerItemProxy;
			containerPortal = DC230AFF26052AF4000084E9 /* Project object */;
			proxyType = 1;
			remoteGlobalIDString = DC230B0626052AF4000084E9;
			remoteInfo = Parstagram;
		};
/* End PBXContainerItemProxy section */

/* Begin PBXFileReference section */
		17DADBDFEF5B3E2D2BBDE611 /* Pods-ParstagramTests.debug.xcconfig */ = {isa = PBXFileReference; includeInIndex = 1; lastKnownFileType = text.xcconfig; name = "Pods-ParstagramTests.debug.xcconfig"; path = "Target Support Files/Pods-ParstagramTests/Pods-ParstagramTests.debug.xcconfig"; sourceTree = "<group>"; };
		3A3CB7439BBB53D3AFF926A2 /* Pods_Parstagram.framework */ = {isa = PBXFileReference; explicitFileType = wrapper.framework; includeInIndex = 0; path = Pods_Parstagram.framework; sourceTree = BUILT_PRODUCTS_DIR; };
		436CB8C84D0C87BDBCEF43DC /* Pods-ParstagramTests.release.xcconfig */ = {isa = PBXFileReference; includeInIndex = 1; lastKnownFileType = text.xcconfig; name = "Pods-ParstagramTests.release.xcconfig"; path = "Target Support Files/Pods-ParstagramTests/Pods-ParstagramTests.release.xcconfig"; sourceTree = "<group>"; };
		4476CDC286955E78A0EAB91A /* Pods-Parstagram-ParstagramUITests.release.xcconfig */ = {isa = PBXFileReference; includeInIndex = 1; lastKnownFileType = text.xcconfig; name = "Pods-Parstagram-ParstagramUITests.release.xcconfig"; path = "Target Support Files/Pods-Parstagram-ParstagramUITests/Pods-Parstagram-ParstagramUITests.release.xcconfig"; sourceTree = "<group>"; };
		4559679D0EFA4375E759A9F0 /* Pods-Parstagram.debug.xcconfig */ = {isa = PBXFileReference; includeInIndex = 1; lastKnownFileType = text.xcconfig; name = "Pods-Parstagram.debug.xcconfig"; path = "Target Support Files/Pods-Parstagram/Pods-Parstagram.debug.xcconfig"; sourceTree = "<group>"; };
		7B6652F38D16C2033AE268F2 /* Pods-Parstagram.release.xcconfig */ = {isa = PBXFileReference; includeInIndex = 1; lastKnownFileType = text.xcconfig; name = "Pods-Parstagram.release.xcconfig"; path = "Target Support Files/Pods-Parstagram/Pods-Parstagram.release.xcconfig"; sourceTree = "<group>"; };
		7B842575D656D489505E5732 /* Pods_Parstagram_ParstagramUITests.framework */ = {isa = PBXFileReference; explicitFileType = wrapper.framework; includeInIndex = 0; path = Pods_Parstagram_ParstagramUITests.framework; sourceTree = BUILT_PRODUCTS_DIR; };
		A54306A8BB4E7EDDBB97FDCD /* Pods_ParstagramTests.framework */ = {isa = PBXFileReference; explicitFileType = wrapper.framework; includeInIndex = 0; path = Pods_ParstagramTests.framework; sourceTree = BUILT_PRODUCTS_DIR; };
		DC230B0726052AF4000084E9 /* Parstagram.app */ = {isa = PBXFileReference; explicitFileType = wrapper.application; includeInIndex = 0; path = Parstagram.app; sourceTree = BUILT_PRODUCTS_DIR; };
		DC230B0A26052AF4000084E9 /* AppDelegate.swift */ = {isa = PBXFileReference; lastKnownFileType = sourcecode.swift; path = AppDelegate.swift; sourceTree = "<group>"; };
		DC230B0C26052AF4000084E9 /* SceneDelegate.swift */ = {isa = PBXFileReference; lastKnownFileType = sourcecode.swift; path = SceneDelegate.swift; sourceTree = "<group>"; };
		DC230B1126052AF4000084E9 /* Base */ = {isa = PBXFileReference; lastKnownFileType = file.storyboard; name = Base; path = Base.lproj/Main.storyboard; sourceTree = "<group>"; };
		DC230B1326052AF5000084E9 /* Assets.xcassets */ = {isa = PBXFileReference; lastKnownFileType = folder.assetcatalog; path = Assets.xcassets; sourceTree = "<group>"; };
		DC230B1626052AF5000084E9 /* Base */ = {isa = PBXFileReference; lastKnownFileType = file.storyboard; name = Base; path = Base.lproj/LaunchScreen.storyboard; sourceTree = "<group>"; };
		DC230B1826052AF5000084E9 /* Info.plist */ = {isa = PBXFileReference; lastKnownFileType = text.plist.xml; path = Info.plist; sourceTree = "<group>"; };
		DC230B1D26052AF5000084E9 /* ParstagramTests.xctest */ = {isa = PBXFileReference; explicitFileType = wrapper.cfbundle; includeInIndex = 0; path = ParstagramTests.xctest; sourceTree = BUILT_PRODUCTS_DIR; };
		DC230B2126052AF5000084E9 /* ParstagramTests.swift */ = {isa = PBXFileReference; lastKnownFileType = sourcecode.swift; path = ParstagramTests.swift; sourceTree = "<group>"; };
		DC230B2326052AF5000084E9 /* Info.plist */ = {isa = PBXFileReference; lastKnownFileType = text.plist.xml; path = Info.plist; sourceTree = "<group>"; };
		DC230B2826052AF5000084E9 /* ParstagramUITests.xctest */ = {isa = PBXFileReference; explicitFileType = wrapper.cfbundle; includeInIndex = 0; path = ParstagramUITests.xctest; sourceTree = BUILT_PRODUCTS_DIR; };
		DC230B2C26052AF5000084E9 /* ParstagramUITests.swift */ = {isa = PBXFileReference; lastKnownFileType = sourcecode.swift; path = ParstagramUITests.swift; sourceTree = "<group>"; };
		DC230B2E26052AF5000084E9 /* Info.plist */ = {isa = PBXFileReference; lastKnownFileType = text.plist.xml; path = Info.plist; sourceTree = "<group>"; };
		DC230B4926053363000084E9 /* FeedViewController.swift */ = {isa = PBXFileReference; lastKnownFileType = sourcecode.swift; path = FeedViewController.swift; sourceTree = "<group>"; };
		DC230B4E2605336B000084E9 /* LoginViewController.swift */ = {isa = PBXFileReference; lastKnownFileType = sourcecode.swift; path = LoginViewController.swift; sourceTree = "<group>"; };
		DC2C3BB82605A1BA0070EBF0 /* CameraViewController.swift */ = {isa = PBXFileReference; lastKnownFileType = sourcecode.swift; path = CameraViewController.swift; sourceTree = "<group>"; };
		DC2C3BC82605C78F0070EBF0 /* PostCell.swift */ = {isa = PBXFileReference; lastKnownFileType = sourcecode.swift; path = PostCell.swift; sourceTree = "<group>"; };
		EE7E0505FFE4E410F95D0501 /* Pods-Parstagram-ParstagramUITests.debug.xcconfig */ = {isa = PBXFileReference; includeInIndex = 1; lastKnownFileType = text.xcconfig; name = "Pods-Parstagram-ParstagramUITests.debug.xcconfig"; path = "Target Support Files/Pods-Parstagram-ParstagramUITests/Pods-Parstagram-ParstagramUITests.debug.xcconfig"; sourceTree = "<group>"; };
/* End PBXFileReference section */

/* Begin PBXFrameworksBuildPhase section */
		DC230B0426052AF4000084E9 /* Frameworks */ = {
			isa = PBXFrameworksBuildPhase;
			buildActionMask = 2147483647;
			files = (
				2B1E002DE20DE933E0B9C9D8 /* Pods_Parstagram.framework in Frameworks */,
			);
			runOnlyForDeploymentPostprocessing = 0;
		};
		DC230B1A26052AF5000084E9 /* Frameworks */ = {
			isa = PBXFrameworksBuildPhase;
			buildActionMask = 2147483647;
			files = (
				7FD7AF317095D493C9BB3BCC /* Pods_ParstagramTests.framework in Frameworks */,
			);
			runOnlyForDeploymentPostprocessing = 0;
		};
		DC230B2526052AF5000084E9 /* Frameworks */ = {
			isa = PBXFrameworksBuildPhase;
			buildActionMask = 2147483647;
			files = (
				9129C2EA0C8F36AE634F3753 /* Pods_Parstagram_ParstagramUITests.framework in Frameworks */,
			);
			runOnlyForDeploymentPostprocessing = 0;
		};
/* End PBXFrameworksBuildPhase section */

/* Begin PBXGroup section */
		23FEFED3C3A11C074DB91AD8 /* Pods */ = {
			isa = PBXGroup;
			children = (
				4559679D0EFA4375E759A9F0 /* Pods-Parstagram.debug.xcconfig */,
				7B6652F38D16C2033AE268F2 /* Pods-Parstagram.release.xcconfig */,
				EE7E0505FFE4E410F95D0501 /* Pods-Parstagram-ParstagramUITests.debug.xcconfig */,
				4476CDC286955E78A0EAB91A /* Pods-Parstagram-ParstagramUITests.release.xcconfig */,
				17DADBDFEF5B3E2D2BBDE611 /* Pods-ParstagramTests.debug.xcconfig */,
				436CB8C84D0C87BDBCEF43DC /* Pods-ParstagramTests.release.xcconfig */,
			);
			path = Pods;
			sourceTree = "<group>";
		};
		D374781E952390A4ADC58204 /* Frameworks */ = {
			isa = PBXGroup;
			children = (
				3A3CB7439BBB53D3AFF926A2 /* Pods_Parstagram.framework */,
				7B842575D656D489505E5732 /* Pods_Parstagram_ParstagramUITests.framework */,
				A54306A8BB4E7EDDBB97FDCD /* Pods_ParstagramTests.framework */,
			);
			name = Frameworks;
			sourceTree = "<group>";
		};
		DC230AFE26052AF4000084E9 = {
			isa = PBXGroup;
			children = (
				DC230B0926052AF4000084E9 /* Parstagram */,
				DC230B2026052AF5000084E9 /* ParstagramTests */,
				DC230B2B26052AF5000084E9 /* ParstagramUITests */,
				DC230B0826052AF4000084E9 /* Products */,
				23FEFED3C3A11C074DB91AD8 /* Pods */,
				D374781E952390A4ADC58204 /* Frameworks */,
			);
			sourceTree = "<group>";
		};
		DC230B0826052AF4000084E9 /* Products */ = {
			isa = PBXGroup;
			children = (
				DC230B0726052AF4000084E9 /* Parstagram.app */,
				DC230B1D26052AF5000084E9 /* ParstagramTests.xctest */,
				DC230B2826052AF5000084E9 /* ParstagramUITests.xctest */,
			);
			name = Products;
			sourceTree = "<group>";
		};
		DC230B0926052AF4000084E9 /* Parstagram */ = {
			isa = PBXGroup;
			children = (
				DC230B0A26052AF4000084E9 /* AppDelegate.swift */,
				DC230B0C26052AF4000084E9 /* SceneDelegate.swift */,
				DC230B1026052AF4000084E9 /* Main.storyboard */,
				DC2C3BB82605A1BA0070EBF0 /* CameraViewController.swift */,
				DC2C3BC82605C78F0070EBF0 /* PostCell.swift */,
				DC230B4926053363000084E9 /* FeedViewController.swift */,
				DC230B4E2605336B000084E9 /* LoginViewController.swift */,
				DC230B1326052AF5000084E9 /* Assets.xcassets */,
				DC230B1526052AF5000084E9 /* LaunchScreen.storyboard */,
				DC230B1826052AF5000084E9 /* Info.plist */,
			);
			path = Parstagram;
			sourceTree = "<group>";
		};
		DC230B2026052AF5000084E9 /* ParstagramTests */ = {
			isa = PBXGroup;
			children = (
				DC230B2126052AF5000084E9 /* ParstagramTests.swift */,
				DC230B2326052AF5000084E9 /* Info.plist */,
			);
			path = ParstagramTests;
			sourceTree = "<group>";
		};
		DC230B2B26052AF5000084E9 /* ParstagramUITests */ = {
			isa = PBXGroup;
			children = (
				DC230B2C26052AF5000084E9 /* ParstagramUITests.swift */,
				DC230B2E26052AF5000084E9 /* Info.plist */,
			);
			path = ParstagramUITests;
			sourceTree = "<group>";
		};
/* End PBXGroup section */

/* Begin PBXNativeTarget section */
		DC230B0626052AF4000084E9 /* Parstagram */ = {
			isa = PBXNativeTarget;
			buildConfigurationList = DC230B3126052AF5000084E9 /* Build configuration list for PBXNativeTarget "Parstagram" */;
			buildPhases = (
				348843DBC3C09A90EC4A9CCA /* [CP] Check Pods Manifest.lock */,
				DC230B0326052AF4000084E9 /* Sources */,
				DC230B0426052AF4000084E9 /* Frameworks */,
				DC230B0526052AF4000084E9 /* Resources */,
				CDE370C176E0AB0E2F09107B /* [CP] Embed Pods Frameworks */,
			);
			buildRules = (
			);
			dependencies = (
			);
			name = Parstagram;
			productName = Parstagram;
			productReference = DC230B0726052AF4000084E9 /* Parstagram.app */;
			productType = "com.apple.product-type.application";
		};
		DC230B1C26052AF5000084E9 /* ParstagramTests */ = {
			isa = PBXNativeTarget;
			buildConfigurationList = DC230B3426052AF5000084E9 /* Build configuration list for PBXNativeTarget "ParstagramTests" */;
			buildPhases = (
				839E7D80F2925A9ED7CAF660 /* [CP] Check Pods Manifest.lock */,
				DC230B1926052AF5000084E9 /* Sources */,
				DC230B1A26052AF5000084E9 /* Frameworks */,
				DC230B1B26052AF5000084E9 /* Resources */,
			);
			buildRules = (
			);
			dependencies = (
				DC230B1F26052AF5000084E9 /* PBXTargetDependency */,
			);
			name = ParstagramTests;
			productName = ParstagramTests;
			productReference = DC230B1D26052AF5000084E9 /* ParstagramTests.xctest */;
			productType = "com.apple.product-type.bundle.unit-test";
		};
		DC230B2726052AF5000084E9 /* ParstagramUITests */ = {
			isa = PBXNativeTarget;
			buildConfigurationList = DC230B3726052AF5000084E9 /* Build configuration list for PBXNativeTarget "ParstagramUITests" */;
			buildPhases = (
				50F10B4E1B4F208AECCFACFC /* [CP] Check Pods Manifest.lock */,
				DC230B2426052AF5000084E9 /* Sources */,
				DC230B2526052AF5000084E9 /* Frameworks */,
				DC230B2626052AF5000084E9 /* Resources */,
				42520F6DEADD052F7063AE8E /* [CP] Embed Pods Frameworks */,
			);
			buildRules = (
			);
			dependencies = (
				DC230B2A26052AF5000084E9 /* PBXTargetDependency */,
			);
			name = ParstagramUITests;
			productName = ParstagramUITests;
			productReference = DC230B2826052AF5000084E9 /* ParstagramUITests.xctest */;
			productType = "com.apple.product-type.bundle.ui-testing";
		};
/* End PBXNativeTarget section */

/* Begin PBXProject section */
		DC230AFF26052AF4000084E9 /* Project object */ = {
			isa = PBXProject;
			attributes = {
				LastSwiftUpdateCheck = 1240;
				LastUpgradeCheck = 1240;
				TargetAttributes = {
					DC230B0626052AF4000084E9 = {
						CreatedOnToolsVersion = 12.4;
					};
					DC230B1C26052AF5000084E9 = {
						CreatedOnToolsVersion = 12.4;
						TestTargetID = DC230B0626052AF4000084E9;
					};
					DC230B2726052AF5000084E9 = {
						CreatedOnToolsVersion = 12.4;
						TestTargetID = DC230B0626052AF4000084E9;
					};
				};
			};
			buildConfigurationList = DC230B0226052AF4000084E9 /* Build configuration list for PBXProject "Parstagram" */;
			compatibilityVersion = "Xcode 9.3";
			developmentRegion = en;
			hasScannedForEncodings = 0;
			knownRegions = (
				en,
				Base,
			);
			mainGroup = DC230AFE26052AF4000084E9;
			productRefGroup = DC230B0826052AF4000084E9 /* Products */;
			projectDirPath = "";
			projectRoot = "";
			targets = (
				DC230B0626052AF4000084E9 /* Parstagram */,
				DC230B1C26052AF5000084E9 /* ParstagramTests */,
				DC230B2726052AF5000084E9 /* ParstagramUITests */,
			);
		};
/* End PBXProject section */

/* Begin PBXResourcesBuildPhase section */
		DC230B0526052AF4000084E9 /* Resources */ = {
			isa = PBXResourcesBuildPhase;
			buildActionMask = 2147483647;
			files = (
				DC230B1726052AF5000084E9 /* LaunchScreen.storyboard in Resources */,
				DC230B1426052AF5000084E9 /* Assets.xcassets in Resources */,
				DC230B1226052AF4000084E9 /* Main.storyboard in Resources */,
			);
			runOnlyForDeploymentPostprocessing = 0;
		};
		DC230B1B26052AF5000084E9 /* Resources */ = {
			isa = PBXResourcesBuildPhase;
			buildActionMask = 2147483647;
			files = (
			);
			runOnlyForDeploymentPostprocessing = 0;
		};
		DC230B2626052AF5000084E9 /* Resources */ = {
			isa = PBXResourcesBuildPhase;
			buildActionMask = 2147483647;
			files = (
			);
			runOnlyForDeploymentPostprocessing = 0;
		};
/* End PBXResourcesBuildPhase section */

/* Begin PBXShellScriptBuildPhase section */
		348843DBC3C09A90EC4A9CCA /* [CP] Check Pods Manifest.lock */ = {
			isa = PBXShellScriptBuildPhase;
			buildActionMask = 2147483647;
			files = (
			);
			inputFileListPaths = (
			);
			inputPaths = (
				"${PODS_PODFILE_DIR_PATH}/Podfile.lock",
				"${PODS_ROOT}/Manifest.lock",
			);
			name = "[CP] Check Pods Manifest.lock";
			outputFileListPaths = (
			);
			outputPaths = (
				"$(DERIVED_FILE_DIR)/Pods-Parstagram-checkManifestLockResult.txt",
			);
			runOnlyForDeploymentPostprocessing = 0;
			shellPath = /bin/sh;
			shellScript = "diff \"${PODS_PODFILE_DIR_PATH}/Podfile.lock\" \"${PODS_ROOT}/Manifest.lock\" > /dev/null\nif [ $? != 0 ] ; then\n    # print error to STDERR\n    echo \"error: The sandbox is not in sync with the Podfile.lock. Run 'pod install' or update your CocoaPods installation.\" >&2\n    exit 1\nfi\n# This output is used by Xcode 'outputs' to avoid re-running this script phase.\necho \"SUCCESS\" > \"${SCRIPT_OUTPUT_FILE_0}\"\n";
			showEnvVarsInLog = 0;
		};
		42520F6DEADD052F7063AE8E /* [CP] Embed Pods Frameworks */ = {
			isa = PBXShellScriptBuildPhase;
			buildActionMask = 2147483647;
			files = (
			);
			inputFileListPaths = (
				"${PODS_ROOT}/Target Support Files/Pods-Parstagram-ParstagramUITests/Pods-Parstagram-ParstagramUITests-frameworks-${CONFIGURATION}-input-files.xcfilelist",
			);
			name = "[CP] Embed Pods Frameworks";
			outputFileListPaths = (
				"${PODS_ROOT}/Target Support Files/Pods-Parstagram-ParstagramUITests/Pods-Parstagram-ParstagramUITests-frameworks-${CONFIGURATION}-output-files.xcfilelist",
			);
			runOnlyForDeploymentPostprocessing = 0;
			shellPath = /bin/sh;
			shellScript = "\"${PODS_ROOT}/Target Support Files/Pods-Parstagram-ParstagramUITests/Pods-Parstagram-ParstagramUITests-frameworks.sh\"\n";
			showEnvVarsInLog = 0;
		};
		50F10B4E1B4F208AECCFACFC /* [CP] Check Pods Manifest.lock */ = {
			isa = PBXShellScriptBuildPhase;
			buildActionMask = 2147483647;
			files = (
			);
			inputFileListPaths = (
			);
			inputPaths = (
				"${PODS_PODFILE_DIR_PATH}/Podfile.lock",
				"${PODS_ROOT}/Manifest.lock",
			);
			name = "[CP] Check Pods Manifest.lock";
			outputFileListPaths = (
			);
			outputPaths = (
				"$(DERIVED_FILE_DIR)/Pods-Parstagram-ParstagramUITests-checkManifestLockResult.txt",
			);
			runOnlyForDeploymentPostprocessing = 0;
			shellPath = /bin/sh;
			shellScript = "diff \"${PODS_PODFILE_DIR_PATH}/Podfile.lock\" \"${PODS_ROOT}/Manifest.lock\" > /dev/null\nif [ $? != 0 ] ; then\n    # print error to STDERR\n    echo \"error: The sandbox is not in sync with the Podfile.lock. Run 'pod install' or update your CocoaPods installation.\" >&2\n    exit 1\nfi\n# This output is used by Xcode 'outputs' to avoid re-running this script phase.\necho \"SUCCESS\" > \"${SCRIPT_OUTPUT_FILE_0}\"\n";
			showEnvVarsInLog = 0;
		};
		839E7D80F2925A9ED7CAF660 /* [CP] Check Pods Manifest.lock */ = {
			isa = PBXShellScriptBuildPhase;
			buildActionMask = 2147483647;
			files = (
			);
			inputFileListPaths = (
			);
			inputPaths = (
				"${PODS_PODFILE_DIR_PATH}/Podfile.lock",
				"${PODS_ROOT}/Manifest.lock",
			);
			name = "[CP] Check Pods Manifest.lock";
			outputFileListPaths = (
			);
			outputPaths = (
				"$(DERIVED_FILE_DIR)/Pods-ParstagramTests-checkManifestLockResult.txt",
			);
			runOnlyForDeploymentPostprocessing = 0;
			shellPath = /bin/sh;
			shellScript = "diff \"${PODS_PODFILE_DIR_PATH}/Podfile.lock\" \"${PODS_ROOT}/Manifest.lock\" > /dev/null\nif [ $? != 0 ] ; then\n    # print error to STDERR\n    echo \"error: The sandbox is not in sync with the Podfile.lock. Run 'pod install' or update your CocoaPods installation.\" >&2\n    exit 1\nfi\n# This output is used by Xcode 'outputs' to avoid re-running this script phase.\necho \"SUCCESS\" > \"${SCRIPT_OUTPUT_FILE_0}\"\n";
			showEnvVarsInLog = 0;
		};
		CDE370C176E0AB0E2F09107B /* [CP] Embed Pods Frameworks */ = {
			isa = PBXShellScriptBuildPhase;
			buildActionMask = 2147483647;
			files = (
			);
			inputFileListPaths = (
				"${PODS_ROOT}/Target Support Files/Pods-Parstagram/Pods-Parstagram-frameworks-${CONFIGURATION}-input-files.xcfilelist",
			);
			name = "[CP] Embed Pods Frameworks";
			outputFileListPaths = (
				"${PODS_ROOT}/Target Support Files/Pods-Parstagram/Pods-Parstagram-frameworks-${CONFIGURATION}-output-files.xcfilelist",
			);
			runOnlyForDeploymentPostprocessing = 0;
			shellPath = /bin/sh;
			shellScript = "\"${PODS_ROOT}/Target Support Files/Pods-Parstagram/Pods-Parstagram-frameworks.sh\"\n";
			showEnvVarsInLog = 0;
		};
/* End PBXShellScriptBuildPhase section */

/* Begin PBXSourcesBuildPhase section */
		DC230B0326052AF4000084E9 /* Sources */ = {
			isa = PBXSourcesBuildPhase;
			buildActionMask = 2147483647;
			files = (
				DC230B4F2605336B000084E9 /* LoginViewController.swift in Sources */,
				DC2C3BB92605A1BA0070EBF0 /* CameraViewController.swift in Sources */,
				DC230B0B26052AF4000084E9 /* AppDelegate.swift in Sources */,
				DC230B4A26053363000084E9 /* FeedViewController.swift in Sources */,
				DC230B0D26052AF4000084E9 /* SceneDelegate.swift in Sources */,
				DC2C3BC92605C78F0070EBF0 /* PostCell.swift in Sources */,
			);
			runOnlyForDeploymentPostprocessing = 0;
		};
		DC230B1926052AF5000084E9 /* Sources */ = {
			isa = PBXSourcesBuildPhase;
			buildActionMask = 2147483647;
			files = (
				DC230B2226052AF5000084E9 /* ParstagramTests.swift in Sources */,
			);
			runOnlyForDeploymentPostprocessing = 0;
		};
		DC230B2426052AF5000084E9 /* Sources */ = {
			isa = PBXSourcesBuildPhase;
			buildActionMask = 2147483647;
			files = (
				DC230B2D26052AF5000084E9 /* ParstagramUITests.swift in Sources */,
			);
			runOnlyForDeploymentPostprocessing = 0;
		};
/* End PBXSourcesBuildPhase section */

/* Begin PBXTargetDependency section */
		DC230B1F26052AF5000084E9 /* PBXTargetDependency */ = {
			isa = PBXTargetDependency;
			target = DC230B0626052AF4000084E9 /* Parstagram */;
			targetProxy = DC230B1E26052AF5000084E9 /* PBXContainerItemProxy */;
		};
		DC230B2A26052AF5000084E9 /* PBXTargetDependency */ = {
			isa = PBXTargetDependency;
			target = DC230B0626052AF4000084E9 /* Parstagram */;
			targetProxy = DC230B2926052AF5000084E9 /* PBXContainerItemProxy */;
		};
/* End PBXTargetDependency section */

/* Begin PBXVariantGroup section */
		DC230B1026052AF4000084E9 /* Main.storyboard */ = {
			isa = PBXVariantGroup;
			children = (
				DC230B1126052AF4000084E9 /* Base */,
			);
			name = Main.storyboard;
			sourceTree = "<group>";
		};
		DC230B1526052AF5000084E9 /* LaunchScreen.storyboard */ = {
			isa = PBXVariantGroup;
			children = (
				DC230B1626052AF5000084E9 /* Base */,
			);
			name = LaunchScreen.storyboard;
			sourceTree = "<group>";
		};
/* End PBXVariantGroup section */

/* Begin XCBuildConfiguration section */
		DC230B2F26052AF5000084E9 /* Debug */ = {
			isa = XCBuildConfiguration;
			buildSettings = {
				ALWAYS_SEARCH_USER_PATHS = NO;
				CLANG_ANALYZER_NONNULL = YES;
				CLANG_ANALYZER_NUMBER_OBJECT_CONVERSION = YES_AGGRESSIVE;
				CLANG_CXX_LANGUAGE_STANDARD = "gnu++14";
				CLANG_CXX_LIBRARY = "libc++";
				CLANG_ENABLE_MODULES = YES;
				CLANG_ENABLE_OBJC_ARC = YES;
				CLANG_ENABLE_OBJC_WEAK = YES;
				CLANG_WARN_BLOCK_CAPTURE_AUTORELEASING = YES;
				CLANG_WARN_BOOL_CONVERSION = YES;
				CLANG_WARN_COMMA = YES;
				CLANG_WARN_CONSTANT_CONVERSION = YES;
				CLANG_WARN_DEPRECATED_OBJC_IMPLEMENTATIONS = YES;
				CLANG_WARN_DIRECT_OBJC_ISA_USAGE = YES_ERROR;
				CLANG_WARN_DOCUMENTATION_COMMENTS = YES;
				CLANG_WARN_EMPTY_BODY = YES;
				CLANG_WARN_ENUM_CONVERSION = YES;
				CLANG_WARN_INFINITE_RECURSION = YES;
				CLANG_WARN_INT_CONVERSION = YES;
				CLANG_WARN_NON_LITERAL_NULL_CONVERSION = YES;
				CLANG_WARN_OBJC_IMPLICIT_RETAIN_SELF = YES;
				CLANG_WARN_OBJC_LITERAL_CONVERSION = YES;
				CLANG_WARN_OBJC_ROOT_CLASS = YES_ERROR;
				CLANG_WARN_QUOTED_INCLUDE_IN_FRAMEWORK_HEADER = YES;
				CLANG_WARN_RANGE_LOOP_ANALYSIS = YES;
				CLANG_WARN_STRICT_PROTOTYPES = YES;
				CLANG_WARN_SUSPICIOUS_MOVE = YES;
				CLANG_WARN_UNGUARDED_AVAILABILITY = YES_AGGRESSIVE;
				CLANG_WARN_UNREACHABLE_CODE = YES;
				CLANG_WARN__DUPLICATE_METHOD_MATCH = YES;
				COPY_PHASE_STRIP = NO;
				DEBUG_INFORMATION_FORMAT = dwarf;
				ENABLE_STRICT_OBJC_MSGSEND = YES;
				ENABLE_TESTABILITY = YES;
				GCC_C_LANGUAGE_STANDARD = gnu11;
				GCC_DYNAMIC_NO_PIC = NO;
				GCC_NO_COMMON_BLOCKS = YES;
				GCC_OPTIMIZATION_LEVEL = 0;
				GCC_PREPROCESSOR_DEFINITIONS = (
					"DEBUG=1",
					"$(inherited)",
				);
				GCC_WARN_64_TO_32_BIT_CONVERSION = YES;
				GCC_WARN_ABOUT_RETURN_TYPE = YES_ERROR;
				GCC_WARN_UNDECLARED_SELECTOR = YES;
				GCC_WARN_UNINITIALIZED_AUTOS = YES_AGGRESSIVE;
				GCC_WARN_UNUSED_FUNCTION = YES;
				GCC_WARN_UNUSED_VARIABLE = YES;
				IPHONEOS_DEPLOYMENT_TARGET = 14.4;
				MTL_ENABLE_DEBUG_INFO = INCLUDE_SOURCE;
				MTL_FAST_MATH = YES;
				ONLY_ACTIVE_ARCH = YES;
				SDKROOT = iphoneos;
				SWIFT_ACTIVE_COMPILATION_CONDITIONS = DEBUG;
				SWIFT_OPTIMIZATION_LEVEL = "-Onone";
			};
			name = Debug;
		};
		DC230B3026052AF5000084E9 /* Release */ = {
			isa = XCBuildConfiguration;
			buildSettings = {
				ALWAYS_SEARCH_USER_PATHS = NO;
				CLANG_ANALYZER_NONNULL = YES;
				CLANG_ANALYZER_NUMBER_OBJECT_CONVERSION = YES_AGGRESSIVE;
				CLANG_CXX_LANGUAGE_STANDARD = "gnu++14";
				CLANG_CXX_LIBRARY = "libc++";
				CLANG_ENABLE_MODULES = YES;
				CLANG_ENABLE_OBJC_ARC = YES;
				CLANG_ENABLE_OBJC_WEAK = YES;
				CLANG_WARN_BLOCK_CAPTURE_AUTORELEASING = YES;
				CLANG_WARN_BOOL_CONVERSION = YES;
				CLANG_WARN_COMMA = YES;
				CLANG_WARN_CONSTANT_CONVERSION = YES;
				CLANG_WARN_DEPRECATED_OBJC_IMPLEMENTATIONS = YES;
				CLANG_WARN_DIRECT_OBJC_ISA_USAGE = YES_ERROR;
				CLANG_WARN_DOCUMENTATION_COMMENTS = YES;
				CLANG_WARN_EMPTY_BODY = YES;
				CLANG_WARN_ENUM_CONVERSION = YES;
				CLANG_WARN_INFINITE_RECURSION = YES;
				CLANG_WARN_INT_CONVERSION = YES;
				CLANG_WARN_NON_LITERAL_NULL_CONVERSION = YES;
				CLANG_WARN_OBJC_IMPLICIT_RETAIN_SELF = YES;
				CLANG_WARN_OBJC_LITERAL_CONVERSION = YES;
				CLANG_WARN_OBJC_ROOT_CLASS = YES_ERROR;
				CLANG_WARN_QUOTED_INCLUDE_IN_FRAMEWORK_HEADER = YES;
				CLANG_WARN_RANGE_LOOP_ANALYSIS = YES;
				CLANG_WARN_STRICT_PROTOTYPES = YES;
				CLANG_WARN_SUSPICIOUS_MOVE = YES;
				CLANG_WARN_UNGUARDED_AVAILABILITY = YES_AGGRESSIVE;
				CLANG_WARN_UNREACHABLE_CODE = YES;
				CLANG_WARN__DUPLICATE_METHOD_MATCH = YES;
				COPY_PHASE_STRIP = NO;
				DEBUG_INFORMATION_FORMAT = "dwarf-with-dsym";
				ENABLE_NS_ASSERTIONS = NO;
				ENABLE_STRICT_OBJC_MSGSEND = YES;
				GCC_C_LANGUAGE_STANDARD = gnu11;
				GCC_NO_COMMON_BLOCKS = YES;
				GCC_WARN_64_TO_32_BIT_CONVERSION = YES;
				GCC_WARN_ABOUT_RETURN_TYPE = YES_ERROR;
				GCC_WARN_UNDECLARED_SELECTOR = YES;
				GCC_WARN_UNINITIALIZED_AUTOS = YES_AGGRESSIVE;
				GCC_WARN_UNUSED_FUNCTION = YES;
				GCC_WARN_UNUSED_VARIABLE = YES;
				IPHONEOS_DEPLOYMENT_TARGET = 14.4;
				MTL_ENABLE_DEBUG_INFO = NO;
				MTL_FAST_MATH = YES;
				SDKROOT = iphoneos;
				SWIFT_COMPILATION_MODE = wholemodule;
				SWIFT_OPTIMIZATION_LEVEL = "-O";
				VALIDATE_PRODUCT = YES;
			};
			name = Release;
		};
		DC230B3226052AF5000084E9 /* Debug */ = {
			isa = XCBuildConfiguration;
			baseConfigurationReference = 4559679D0EFA4375E759A9F0 /* Pods-Parstagram.debug.xcconfig */;
			buildSettings = {
				ASSETCATALOG_COMPILER_APPICON_NAME = AppIcon;
				ASSETCATALOG_COMPILER_GLOBAL_ACCENT_COLOR_NAME = AccentColor;
				CODE_SIGN_STYLE = Automatic;
				DEVELOPMENT_TEAM = 4FD7R8L39U;
				INFOPLIST_FILE = Parstagram/Info.plist;
				LD_RUNPATH_SEARCH_PATHS = (
					"$(inherited)",
					"@executable_path/Frameworks",
				);
				PRODUCT_BUNDLE_IDENTIFIER = henrylao.Parstagram;
				PRODUCT_NAME = "$(TARGET_NAME)";
				SWIFT_VERSION = 5.0;
				TARGETED_DEVICE_FAMILY = "1,2";
			};
			name = Debug;
		};
		DC230B3326052AF5000084E9 /* Release */ = {
			isa = XCBuildConfiguration;
			baseConfigurationReference = 7B6652F38D16C2033AE268F2 /* Pods-Parstagram.release.xcconfig */;
			buildSettings = {
				ASSETCATALOG_COMPILER_APPICON_NAME = AppIcon;
				ASSETCATALOG_COMPILER_GLOBAL_ACCENT_COLOR_NAME = AccentColor;
				CODE_SIGN_STYLE = Automatic;
				DEVELOPMENT_TEAM = 4FD7R8L39U;
				INFOPLIST_FILE = Parstagram/Info.plist;
				LD_RUNPATH_SEARCH_PATHS = (
					"$(inherited)",
					"@executable_path/Frameworks",
				);
				PRODUCT_BUNDLE_IDENTIFIER = henrylao.Parstagram;
				PRODUCT_NAME = "$(TARGET_NAME)";
				SWIFT_VERSION = 5.0;
				TARGETED_DEVICE_FAMILY = "1,2";
			};
			name = Release;
		};
		DC230B3526052AF5000084E9 /* Debug */ = {
			isa = XCBuildConfiguration;
			baseConfigurationReference = 17DADBDFEF5B3E2D2BBDE611 /* Pods-ParstagramTests.debug.xcconfig */;
			buildSettings = {
				ALWAYS_EMBED_SWIFT_STANDARD_LIBRARIES = YES;
				BUNDLE_LOADER = "$(TEST_HOST)";
				CODE_SIGN_STYLE = Automatic;
				DEVELOPMENT_TEAM = 4FD7R8L39U;
				INFOPLIST_FILE = ParstagramTests/Info.plist;
				IPHONEOS_DEPLOYMENT_TARGET = 14.4;
				LD_RUNPATH_SEARCH_PATHS = (
					"$(inherited)",
					"@executable_path/Frameworks",
					"@loader_path/Frameworks",
				);
				PRODUCT_BUNDLE_IDENTIFIER = henrylao.ParstagramTests;
				PRODUCT_NAME = "$(TARGET_NAME)";
				SWIFT_VERSION = 5.0;
				TARGETED_DEVICE_FAMILY = "1,2";
				TEST_HOST = "$(BUILT_PRODUCTS_DIR)/Parstagram.app/Parstagram";
			};
			name = Debug;
		};
		DC230B3626052AF5000084E9 /* Release */ = {
			isa = XCBuildConfiguration;
			baseConfigurationReference = 436CB8C84D0C87BDBCEF43DC /* Pods-ParstagramTests.release.xcconfig */;
			buildSettings = {
				ALWAYS_EMBED_SWIFT_STANDARD_LIBRARIES = YES;
				BUNDLE_LOADER = "$(TEST_HOST)";
				CODE_SIGN_STYLE = Automatic;
				DEVELOPMENT_TEAM = 4FD7R8L39U;
				INFOPLIST_FILE = ParstagramTests/Info.plist;
				IPHONEOS_DEPLOYMENT_TARGET = 14.4;
				LD_RUNPATH_SEARCH_PATHS = (
					"$(inherited)",
					"@executable_path/Frameworks",
					"@loader_path/Frameworks",
				);
				PRODUCT_BUNDLE_IDENTIFIER = henrylao.ParstagramTests;
				PRODUCT_NAME = "$(TARGET_NAME)";
				SWIFT_VERSION = 5.0;
				TARGETED_DEVICE_FAMILY = "1,2";
				TEST_HOST = "$(BUILT_PRODUCTS_DIR)/Parstagram.app/Parstagram";
			};
			name = Release;
		};
		DC230B3826052AF5000084E9 /* Debug */ = {
			isa = XCBuildConfiguration;
			baseConfigurationReference = EE7E0505FFE4E410F95D0501 /* Pods-Parstagram-ParstagramUITests.debug.xcconfig */;
			buildSettings = {
				ALWAYS_EMBED_SWIFT_STANDARD_LIBRARIES = YES;
				CODE_SIGN_STYLE = Automatic;
				DEVELOPMENT_TEAM = 4FD7R8L39U;
				INFOPLIST_FILE = ParstagramUITests/Info.plist;
				LD_RUNPATH_SEARCH_PATHS = (
					"$(inherited)",
					"@executable_path/Frameworks",
					"@loader_path/Frameworks",
				);
				PRODUCT_BUNDLE_IDENTIFIER = henrylao.ParstagramUITests;
				PRODUCT_NAME = "$(TARGET_NAME)";
				SWIFT_VERSION = 5.0;
				TARGETED_DEVICE_FAMILY = "1,2";
				TEST_TARGET_NAME = Parstagram;
			};
			name = Debug;
		};
		DC230B3926052AF5000084E9 /* Release */ = {
			isa = XCBuildConfiguration;
			baseConfigurationReference = 4476CDC286955E78A0EAB91A /* Pods-Parstagram-ParstagramUITests.release.xcconfig */;
			buildSettings = {
				ALWAYS_EMBED_SWIFT_STANDARD_LIBRARIES = YES;
				CODE_SIGN_STYLE = Automatic;
				DEVELOPMENT_TEAM = 4FD7R8L39U;
				INFOPLIST_FILE = ParstagramUITests/Info.plist;
				LD_RUNPATH_SEARCH_PATHS = (
					"$(inherited)",
					"@executable_path/Frameworks",
					"@loader_path/Frameworks",
				);
				PRODUCT_BUNDLE_IDENTIFIER = henrylao.ParstagramUITests;
				PRODUCT_NAME = "$(TARGET_NAME)";
				SWIFT_VERSION = 5.0;
				TARGETED_DEVICE_FAMILY = "1,2";
				TEST_TARGET_NAME = Parstagram;
			};
			name = Release;
		};
/* End XCBuildConfiguration section */

/* Begin XCConfigurationList section */
		DC230B0226052AF4000084E9 /* Build configuration list for PBXProject "Parstagram" */ = {
			isa = XCConfigurationList;
			buildConfigurations = (
				DC230B2F26052AF5000084E9 /* Debug */,
				DC230B3026052AF5000084E9 /* Release */,
			);
			defaultConfigurationIsVisible = 0;
			defaultConfigurationName = Release;
		};
		DC230B3126052AF5000084E9 /* Build configuration list for PBXNativeTarget "Parstagram" */ = {
			isa = XCConfigurationList;
			buildConfigurations = (
				DC230B3226052AF5000084E9 /* Debug */,
				DC230B3326052AF5000084E9 /* Release */,
			);
			defaultConfigurationIsVisible = 0;
			defaultConfigurationName = Release;
		};
		DC230B3426052AF5000084E9 /* Build configuration list for PBXNativeTarget "ParstagramTests" */ = {
			isa = XCConfigurationList;
			buildConfigurations = (
				DC230B3526052AF5000084E9 /* Debug */,
				DC230B3626052AF5000084E9 /* Release */,
			);
			defaultConfigurationIsVisible = 0;
			defaultConfigurationName = Release;
		};
		DC230B3726052AF5000084E9 /* Build configuration list for PBXNativeTarget "ParstagramUITests" */ = {
			isa = XCConfigurationList;
			buildConfigurations = (
				DC230B3826052AF5000084E9 /* Debug */,
				DC230B3926052AF5000084E9 /* Release */,
			);
			defaultConfigurationIsVisible = 0;
			defaultConfigurationName = Release;
		};
/* End XCConfigurationList section */
	};
	rootObject = DC230AFF26052AF4000084E9 /* Project object */;
}
